// !$*UTF8*$!
{
	archiveVersion = 1;
	classes = {
	};
	objectVersion = 46;
	objects = {

/* Begin PBXBuildFile section */
		4E3E91B91D7C7E1F0006AA9B /* DataService.swift in Sources */ = {isa = PBXBuildFile; fileRef = 4E3E91B81D7C7E1F0006AA9B /* DataService.swift */; };
		4E3E91BB1D7C7EEC0006AA9B /* GoogleService-Info.plist in Resources */ = {isa = PBXBuildFile; fileRef = 4E3E91BA1D7C7EEC0006AA9B /* GoogleService-Info.plist */; };
		4E4D62771D80E60D008BE051 /* Post.swift in Sources */ = {isa = PBXBuildFile; fileRef = 4E4D62761D80E60D008BE051 /* Post.swift */; };
		4EB89CE41D7CCF4E00BE71DD /* profile.jpg in Resources */ = {isa = PBXBuildFile; fileRef = 4EB89CE01D7CCF4E00BE71DD /* profile.jpg */; };
		4EB89CE51D7CCF4E00BE71DD /* sample.jpg in Resources */ = {isa = PBXBuildFile; fileRef = 4EB89CE11D7CCF4E00BE71DD /* sample.jpg */; };
		4EB89CE81D7CD05F00BE71DD /* heart_empty2.png in Resources */ = {isa = PBXBuildFile; fileRef = 4EB89CE61D7CD05F00BE71DD /* heart_empty2.png */; };
		4EB89CE91D7CD05F00BE71DD /* heart_full2.png in Resources */ = {isa = PBXBuildFile; fileRef = 4EB89CE71D7CD05F00BE71DD /* heart_full2.png */; };
		4EB89CEF1D7CD79E00BE71DD /* NewsVC.swift in Sources */ = {isa = PBXBuildFile; fileRef = 4EB89CEE1D7CD79E00BE71DD /* NewsVC.swift */; };
		4EB89CF11D7CD93300BE71DD /* PostCell.swift in Sources */ = {isa = PBXBuildFile; fileRef = 4EB89CF01D7CD93300BE71DD /* PostCell.swift */; };
		4EC2E1781D7B9F5B00C463AF /* AppDelegate.swift in Sources */ = {isa = PBXBuildFile; fileRef = 4EC2E1771D7B9F5B00C463AF /* AppDelegate.swift */; };
		4EC2E17A1D7B9F5B00C463AF /* ViewController.swift in Sources */ = {isa = PBXBuildFile; fileRef = 4EC2E1791D7B9F5B00C463AF /* ViewController.swift */; };
		4EC2E17D1D7B9F5B00C463AF /* Main.storyboard in Resources */ = {isa = PBXBuildFile; fileRef = 4EC2E17B1D7B9F5B00C463AF /* Main.storyboard */; };
		4EC2E1801D7B9F5B00C463AF /* Society2.xcdatamodeld in Sources */ = {isa = PBXBuildFile; fileRef = 4EC2E17E1D7B9F5B00C463AF /* Society2.xcdatamodeld */; };
		4EC2E1821D7B9F5B00C463AF /* Assets.xcassets in Resources */ = {isa = PBXBuildFile; fileRef = 4EC2E1811D7B9F5B00C463AF /* Assets.xcassets */; };
		4EC2E1851D7B9F5B00C463AF /* LaunchScreen.storyboard in Resources */ = {isa = PBXBuildFile; fileRef = 4EC2E1831D7B9F5B00C463AF /* LaunchScreen.storyboard */; };
		4EC2E1951D7BA08500C463AF /* NotoSans-Bold.ttf in Resources */ = {isa = PBXBuildFile; fileRef = 4EC2E1911D7BA08500C463AF /* NotoSans-Bold.ttf */; };
		4EC2E1961D7BA08500C463AF /* NotoSans-BoldItalic.ttf in Resources */ = {isa = PBXBuildFile; fileRef = 4EC2E1921D7BA08500C463AF /* NotoSans-BoldItalic.ttf */; };
		4EC2E1971D7BA08500C463AF /* NotoSans-Italic.ttf in Resources */ = {isa = PBXBuildFile; fileRef = 4EC2E1931D7BA08500C463AF /* NotoSans-Italic.ttf */; };
		4EC2E1981D7BA08500C463AF /* NotoSans-Regular.ttf in Resources */ = {isa = PBXBuildFile; fileRef = 4EC2E1941D7BA08500C463AF /* NotoSans-Regular.ttf */; };
		4EC2E19A1D7BA0A700C463AF /* facebook-icon.png in Resources */ = {isa = PBXBuildFile; fileRef = 4EC2E1991D7BA0A700C463AF /* facebook-icon.png */; };
		4EC2E19C1D7BA0B000C463AF /* logo.jpg in Resources */ = {isa = PBXBuildFile; fileRef = 4EC2E19B1D7BA0B000C463AF /* logo.jpg */; };
		4EC2E19E1D7BA24500C463AF /* MaterialView.swift in Sources */ = {isa = PBXBuildFile; fileRef = 4EC2E19D1D7BA24500C463AF /* MaterialView.swift */; };
		4EC2E1A01D7BA2F700C463AF /* Constants.swift in Sources */ = {isa = PBXBuildFile; fileRef = 4EC2E19F1D7BA2F700C463AF /* Constants.swift */; };
		4EC2E1A41D7BA75E00C463AF /* MaterialButton.swift in Sources */ = {isa = PBXBuildFile; fileRef = 4EC2E1A31D7BA75E00C463AF /* MaterialButton.swift */; };
		4EC2E1A61D7BA91F00C463AF /* MaterialTextField.swift in Sources */ = {isa = PBXBuildFile; fileRef = 4EC2E1A51D7BA91F00C463AF /* MaterialTextField.swift */; };
		4EC2E1AB1D7BAE3200C463AF /* Bolts.framework in Frameworks */ = {isa = PBXBuildFile; fileRef = 4EC2E1A81D7BAE3200C463AF /* Bolts.framework */; };
		4EC2E1AC1D7BAE3200C463AF /* FBSDKCoreKit.framework in Frameworks */ = {isa = PBXBuildFile; fileRef = 4EC2E1A91D7BAE3200C463AF /* FBSDKCoreKit.framework */; };
		4EC2E1AD1D7BAE3200C463AF /* FBSDKLoginKit.framework in Frameworks */ = {isa = PBXBuildFile; fileRef = 4EC2E1AA1D7BAE3200C463AF /* FBSDKLoginKit.framework */; };
		70774A9BC82F3CB457D20B0E /* Pods_Society2.framework in Frameworks */ = {isa = PBXBuildFile; fileRef = 1EC2E347BFBF104A5AA36D4D /* Pods_Society2.framework */; };
/* End PBXBuildFile section */

/* Begin PBXFileReference section */
		1EC2E347BFBF104A5AA36D4D /* Pods_Society2.framework */ = {isa = PBXFileReference; explicitFileType = wrapper.framework; includeInIndex = 0; path = Pods_Society2.framework; sourceTree = BUILT_PRODUCTS_DIR; };
		3B1210B763638E603B11C158 /* Pods-Society2.debug.xcconfig */ = {isa = PBXFileReference; includeInIndex = 1; lastKnownFileType = text.xcconfig; name = "Pods-Society2.debug.xcconfig"; path = "Pods/Target Support Files/Pods-Society2/Pods-Society2.debug.xcconfig"; sourceTree = "<group>"; };
		4E3E91B81D7C7E1F0006AA9B /* DataService.swift */ = {isa = PBXFileReference; fileEncoding = 4; lastKnownFileType = sourcecode.swift; path = DataService.swift; sourceTree = "<group>"; };
		4E3E91BA1D7C7EEC0006AA9B /* GoogleService-Info.plist */ = {isa = PBXFileReference; fileEncoding = 4; lastKnownFileType = text.plist.xml; path = "GoogleService-Info.plist"; sourceTree = "<group>"; };
		4E4D62761D80E60D008BE051 /* Post.swift */ = {isa = PBXFileReference; fileEncoding = 4; lastKnownFileType = sourcecode.swift; path = Post.swift; sourceTree = "<group>"; };
		4EB89CE01D7CCF4E00BE71DD /* profile.jpg */ = {isa = PBXFileReference; lastKnownFileType = image.jpeg; path = profile.jpg; sourceTree = "<group>"; };
		4EB89CE11D7CCF4E00BE71DD /* sample.jpg */ = {isa = PBXFileReference; lastKnownFileType = image.jpeg; path = sample.jpg; sourceTree = "<group>"; };
		4EB89CE61D7CD05F00BE71DD /* heart_empty2.png */ = {isa = PBXFileReference; lastKnownFileType = image.png; path = heart_empty2.png; sourceTree = "<group>"; };
		4EB89CE71D7CD05F00BE71DD /* heart_full2.png */ = {isa = PBXFileReference; lastKnownFileType = image.png; path = heart_full2.png; sourceTree = "<group>"; };
		4EB89CEE1D7CD79E00BE71DD /* NewsVC.swift */ = {isa = PBXFileReference; fileEncoding = 4; lastKnownFileType = sourcecode.swift; path = NewsVC.swift; sourceTree = "<group>"; };
		4EB89CF01D7CD93300BE71DD /* PostCell.swift */ = {isa = PBXFileReference; fileEncoding = 4; lastKnownFileType = sourcecode.swift; path = PostCell.swift; sourceTree = "<group>"; };
		4EC2E1741D7B9F5B00C463AF /* Society2.app */ = {isa = PBXFileReference; explicitFileType = wrapper.application; includeInIndex = 0; path = Society2.app; sourceTree = BUILT_PRODUCTS_DIR; };
		4EC2E1771D7B9F5B00C463AF /* AppDelegate.swift */ = {isa = PBXFileReference; lastKnownFileType = sourcecode.swift; path = AppDelegate.swift; sourceTree = "<group>"; };
		4EC2E1791D7B9F5B00C463AF /* ViewController.swift */ = {isa = PBXFileReference; lastKnownFileType = sourcecode.swift; path = ViewController.swift; sourceTree = "<group>"; };
		4EC2E17C1D7B9F5B00C463AF /* Base */ = {isa = PBXFileReference; lastKnownFileType = file.storyboard; name = Base; path = Base.lproj/Main.storyboard; sourceTree = "<group>"; };
		4EC2E17F1D7B9F5B00C463AF /* Society2.xcdatamodel */ = {isa = PBXFileReference; lastKnownFileType = wrapper.xcdatamodel; path = Society2.xcdatamodel; sourceTree = "<group>"; };
		4EC2E1811D7B9F5B00C463AF /* Assets.xcassets */ = {isa = PBXFileReference; lastKnownFileType = folder.assetcatalog; path = Assets.xcassets; sourceTree = "<group>"; };
		4EC2E1841D7B9F5B00C463AF /* Base */ = {isa = PBXFileReference; lastKnownFileType = file.storyboard; name = Base; path = Base.lproj/LaunchScreen.storyboard; sourceTree = "<group>"; };
		4EC2E1861D7B9F5B00C463AF /* Info.plist */ = {isa = PBXFileReference; lastKnownFileType = text.plist.xml; path = Info.plist; sourceTree = "<group>"; };
		4EC2E1911D7BA08500C463AF /* NotoSans-Bold.ttf */ = {isa = PBXFileReference; lastKnownFileType = file; path = "NotoSans-Bold.ttf"; sourceTree = "<group>"; };
		4EC2E1921D7BA08500C463AF /* NotoSans-BoldItalic.ttf */ = {isa = PBXFileReference; lastKnownFileType = file; path = "NotoSans-BoldItalic.ttf"; sourceTree = "<group>"; };
		4EC2E1931D7BA08500C463AF /* NotoSans-Italic.ttf */ = {isa = PBXFileReference; lastKnownFileType = file; path = "NotoSans-Italic.ttf"; sourceTree = "<group>"; };
		4EC2E1941D7BA08500C463AF /* NotoSans-Regular.ttf */ = {isa = PBXFileReference; lastKnownFileType = file; path = "NotoSans-Regular.ttf"; sourceTree = "<group>"; };
		4EC2E1991D7BA0A700C463AF /* facebook-icon.png */ = {isa = PBXFileReference; lastKnownFileType = image.png; path = "facebook-icon.png"; sourceTree = "<group>"; };
		4EC2E19B1D7BA0B000C463AF /* logo.jpg */ = {isa = PBXFileReference; lastKnownFileType = image.jpeg; path = logo.jpg; sourceTree = "<group>"; };
		4EC2E19D1D7BA24500C463AF /* MaterialView.swift */ = {isa = PBXFileReference; fileEncoding = 4; lastKnownFileType = sourcecode.swift; path = MaterialView.swift; sourceTree = "<group>"; };
		4EC2E19F1D7BA2F700C463AF /* Constants.swift */ = {isa = PBXFileReference; fileEncoding = 4; lastKnownFileType = sourcecode.swift; path = Constants.swift; sourceTree = "<group>"; };
		4EC2E1A31D7BA75E00C463AF /* MaterialButton.swift */ = {isa = PBXFileReference; fileEncoding = 4; lastKnownFileType = sourcecode.swift; path = MaterialButton.swift; sourceTree = "<group>"; };
		4EC2E1A51D7BA91F00C463AF /* MaterialTextField.swift */ = {isa = PBXFileReference; fileEncoding = 4; lastKnownFileType = sourcecode.swift; path = MaterialTextField.swift; sourceTree = "<group>"; };
		4EC2E1A81D7BAE3200C463AF /* Bolts.framework */ = {isa = PBXFileReference; lastKnownFileType = wrapper.framework; path = Bolts.framework; sourceTree = "<group>"; };
		4EC2E1A91D7BAE3200C463AF /* FBSDKCoreKit.framework */ = {isa = PBXFileReference; lastKnownFileType = wrapper.framework; path = FBSDKCoreKit.framework; sourceTree = "<group>"; };
		4EC2E1AA1D7BAE3200C463AF /* FBSDKLoginKit.framework */ = {isa = PBXFileReference; lastKnownFileType = wrapper.framework; path = FBSDKLoginKit.framework; sourceTree = "<group>"; };
		5C46D64F6491FAFF3EA6278C /* Pods-Society2.release.xcconfig */ = {isa = PBXFileReference; includeInIndex = 1; lastKnownFileType = text.xcconfig; name = "Pods-Society2.release.xcconfig"; path = "Pods/Target Support Files/Pods-Society2/Pods-Society2.release.xcconfig"; sourceTree = "<group>"; };
/* End PBXFileReference section */

/* Begin PBXFrameworksBuildPhase section */
		4EC2E1711D7B9F5B00C463AF /* Frameworks */ = {
			isa = PBXFrameworksBuildPhase;
			buildActionMask = 2147483647;
			files = (
				4EC2E1AB1D7BAE3200C463AF /* Bolts.framework in Frameworks */,
				4EC2E1AC1D7BAE3200C463AF /* FBSDKCoreKit.framework in Frameworks */,
				4EC2E1AD1D7BAE3200C463AF /* FBSDKLoginKit.framework in Frameworks */,
				70774A9BC82F3CB457D20B0E /* Pods_Society2.framework in Frameworks */,
			);
			runOnlyForDeploymentPostprocessing = 0;
		};
/* End PBXFrameworksBuildPhase section */

/* Begin PBXGroup section */
		0CAB9D977F3CD1AB272F012A /* Frameworks */ = {
			isa = PBXGroup;
			children = (
				1EC2E347BFBF104A5AA36D4D /* Pods_Society2.framework */,
			);
			name = Frameworks;
			sourceTree = "<group>";
		};
		4E3E91B71D7C7DC70006AA9B /* Services */ = {
			isa = PBXGroup;
			children = (
				4E3E91B81D7C7E1F0006AA9B /* DataService.swift */,
			);
			name = Services;
			sourceTree = "<group>";
		};
		4EC2E16B1D7B9F5B00C463AF = {
			isa = PBXGroup;
			children = (
				4EC2E1761D7B9F5B00C463AF /* Society2 */,
				4EC2E1751D7B9F5B00C463AF /* Products */,
				7AF921E619A4455BA3201255 /* Pods */,
				0CAB9D977F3CD1AB272F012A /* Frameworks */,
			);
			sourceTree = "<group>";
		};
		4EC2E1751D7B9F5B00C463AF /* Products */ = {
			isa = PBXGroup;
			children = (
				4EC2E1741D7B9F5B00C463AF /* Society2.app */,
			);
			name = Products;
			sourceTree = "<group>";
		};
		4EC2E1761D7B9F5B00C463AF /* Society2 */ = {
			isa = PBXGroup;
			children = (
				4E3E91B71D7C7DC70006AA9B /* Services */,
				4EC2E1A71D7BAE1200C463AF /* Frameworks */,
				4EC2E1901D7BA04400C463AF /* Util */,
				4EC2E18F1D7BA03A00C463AF /* Resources */,
				4EC2E18E1D7BA03300C463AF /* Model */,
				4EC2E18D1D7BA02D00C463AF /* View */,
				4EC2E18C1D7BA02100C463AF /* Controller */,
				4EC2E1771D7B9F5B00C463AF /* AppDelegate.swift */,
				4EC2E17B1D7B9F5B00C463AF /* Main.storyboard */,
				4EC2E1811D7B9F5B00C463AF /* Assets.xcassets */,
				4EC2E1831D7B9F5B00C463AF /* LaunchScreen.storyboard */,
				4EC2E1861D7B9F5B00C463AF /* Info.plist */,
				4E3E91BA1D7C7EEC0006AA9B /* GoogleService-Info.plist */,
				4EC2E17E1D7B9F5B00C463AF /* Society2.xcdatamodeld */,
			);
			path = Society2;
			sourceTree = "<group>";
		};
		4EC2E18C1D7BA02100C463AF /* Controller */ = {
			isa = PBXGroup;
			children = (
				4EC2E1791D7B9F5B00C463AF /* ViewController.swift */,
				4EB89CEE1D7CD79E00BE71DD /* NewsVC.swift */,
			);
			name = Controller;
			sourceTree = "<group>";
		};
		4EC2E18D1D7BA02D00C463AF /* View */ = {
			isa = PBXGroup;
			children = (
				4EC2E19D1D7BA24500C463AF /* MaterialView.swift */,
				4EC2E1A31D7BA75E00C463AF /* MaterialButton.swift */,
				4EC2E1A51D7BA91F00C463AF /* MaterialTextField.swift */,
				4EB89CF01D7CD93300BE71DD /* PostCell.swift */,
			);
			name = View;
			sourceTree = "<group>";
		};
		4EC2E18E1D7BA03300C463AF /* Model */ = {
			isa = PBXGroup;
			children = (
				4E4D62761D80E60D008BE051 /* Post.swift */,
			);
			name = Model;
			sourceTree = "<group>";
		};
		4EC2E18F1D7BA03A00C463AF /* Resources */ = {
			isa = PBXGroup;
			children = (
				4EC2E1911D7BA08500C463AF /* NotoSans-Bold.ttf */,
				4EC2E1921D7BA08500C463AF /* NotoSans-BoldItalic.ttf */,
				4EC2E1931D7BA08500C463AF /* NotoSans-Italic.ttf */,
				4EC2E1941D7BA08500C463AF /* NotoSans-Regular.ttf */,
				4EC2E1991D7BA0A700C463AF /* facebook-icon.png */,
				4EC2E19B1D7BA0B000C463AF /* logo.jpg */,
				4EB89CE01D7CCF4E00BE71DD /* profile.jpg */,
				4EB89CE61D7CD05F00BE71DD /* heart_empty2.png */,
				4EB89CE71D7CD05F00BE71DD /* heart_full2.png */,
				4EB89CE11D7CCF4E00BE71DD /* sample.jpg */,
			);
			name = Resources;
			sourceTree = "<group>";
		};
		4EC2E1901D7BA04400C463AF /* Util */ = {
			isa = PBXGroup;
			children = (
				4EC2E19F1D7BA2F700C463AF /* Constants.swift */,
			);
			name = Util;
			sourceTree = "<group>";
		};
		4EC2E1A71D7BAE1200C463AF /* Frameworks */ = {
			isa = PBXGroup;
			children = (
				4EC2E1A81D7BAE3200C463AF /* Bolts.framework */,
				4EC2E1A91D7BAE3200C463AF /* FBSDKCoreKit.framework */,
				4EC2E1AA1D7BAE3200C463AF /* FBSDKLoginKit.framework */,
			);
			name = Frameworks;
			sourceTree = "<group>";
		};
		7AF921E619A4455BA3201255 /* Pods */ = {
			isa = PBXGroup;
			children = (
				3B1210B763638E603B11C158 /* Pods-Society2.debug.xcconfig */,
				5C46D64F6491FAFF3EA6278C /* Pods-Society2.release.xcconfig */,
			);
			name = Pods;
			sourceTree = "<group>";
		};
/* End PBXGroup section */

/* Begin PBXNativeTarget section */
		4EC2E1731D7B9F5B00C463AF /* Society2 */ = {
			isa = PBXNativeTarget;
			buildConfigurationList = 4EC2E1891D7B9F5B00C463AF /* Build configuration list for PBXNativeTarget "Society2" */;
			buildPhases = (
				3E0DB7CD3684ED2E84BBE0F1 /* 📦 Check Pods Manifest.lock */,
				4EC2E1701D7B9F5B00C463AF /* Sources */,
				4EC2E1711D7B9F5B00C463AF /* Frameworks */,
				4EC2E1721D7B9F5B00C463AF /* Resources */,
				F142DF769CE999A2429F6B2B /* 📦 Embed Pods Frameworks */,
				CE59694E0A724D74ACF2C81D /* 📦 Copy Pods Resources */,
			);
			buildRules = (
			);
			dependencies = (
			);
			name = Society2;
			productName = Society2;
			productReference = 4EC2E1741D7B9F5B00C463AF /* Society2.app */;
			productType = "com.apple.product-type.application";
		};
/* End PBXNativeTarget section */

/* Begin PBXProject section */
		4EC2E16C1D7B9F5B00C463AF /* Project object */ = {
			isa = PBXProject;
			attributes = {
				LastSwiftUpdateCheck = 0730;
				LastUpgradeCheck = 0730;
				ORGANIZATIONNAME = "George Atuan";
				TargetAttributes = {
					4EC2E1731D7B9F5B00C463AF = {
						CreatedOnToolsVersion = 7.3.1;
					};
				};
			};
			buildConfigurationList = 4EC2E16F1D7B9F5B00C463AF /* Build configuration list for PBXProject "Society2" */;
			compatibilityVersion = "Xcode 3.2";
			developmentRegion = English;
			hasScannedForEncodings = 0;
			knownRegions = (
				en,
				Base,
			);
			mainGroup = 4EC2E16B1D7B9F5B00C463AF;
			productRefGroup = 4EC2E1751D7B9F5B00C463AF /* Products */;
			projectDirPath = "";
			projectRoot = "";
			targets = (
				4EC2E1731D7B9F5B00C463AF /* Society2 */,
			);
		};
/* End PBXProject section */

/* Begin PBXResourcesBuildPhase section */
		4EC2E1721D7B9F5B00C463AF /* Resources */ = {
			isa = PBXResourcesBuildPhase;
			buildActionMask = 2147483647;
			files = (
				4EC2E1951D7BA08500C463AF /* NotoSans-Bold.ttf in Resources */,
				4EB89CE41D7CCF4E00BE71DD /* profile.jpg in Resources */,
				4EB89CE91D7CD05F00BE71DD /* heart_full2.png in Resources */,
				4EC2E1851D7B9F5B00C463AF /* LaunchScreen.storyboard in Resources */,
				4EC2E1961D7BA08500C463AF /* NotoSans-BoldItalic.ttf in Resources */,
				4EC2E1971D7BA08500C463AF /* NotoSans-Italic.ttf in Resources */,
				4EB89CE51D7CCF4E00BE71DD /* sample.jpg in Resources */,
				4EC2E19C1D7BA0B000C463AF /* logo.jpg in Resources */,
				4EC2E19A1D7BA0A700C463AF /* facebook-icon.png in Resources */,
				4EC2E1821D7B9F5B00C463AF /* Assets.xcassets in Resources */,
				4EB89CE81D7CD05F00BE71DD /* heart_empty2.png in Resources */,
				4E3E91BB1D7C7EEC0006AA9B /* GoogleService-Info.plist in Resources */,
				4EC2E17D1D7B9F5B00C463AF /* Main.storyboard in Resources */,
				4EC2E1981D7BA08500C463AF /* NotoSans-Regular.ttf in Resources */,
			);
			runOnlyForDeploymentPostprocessing = 0;
		};
/* End PBXResourcesBuildPhase section */

/* Begin PBXShellScriptBuildPhase section */
		3E0DB7CD3684ED2E84BBE0F1 /* 📦 Check Pods Manifest.lock */ = {
			isa = PBXShellScriptBuildPhase;
			buildActionMask = 2147483647;
			files = (
			);
			inputPaths = (
			);
			name = "📦 Check Pods Manifest.lock";
			outputPaths = (
			);
			runOnlyForDeploymentPostprocessing = 0;
			shellPath = /bin/sh;
			shellScript = "diff \"${PODS_ROOT}/../Podfile.lock\" \"${PODS_ROOT}/Manifest.lock\" > /dev/null\nif [[ $? != 0 ]] ; then\n    cat << EOM\nerror: The sandbox is not in sync with the Podfile.lock. Run 'pod install' or update your CocoaPods installation.\nEOM\n    exit 1\nfi\n";
			showEnvVarsInLog = 0;
		};
		CE59694E0A724D74ACF2C81D /* 📦 Copy Pods Resources */ = {
			isa = PBXShellScriptBuildPhase;
			buildActionMask = 2147483647;
			files = (
			);
			inputPaths = (
			);
			name = "📦 Copy Pods Resources";
			outputPaths = (
			);
			runOnlyForDeploymentPostprocessing = 0;
			shellPath = /bin/sh;
			shellScript = "\"${SRCROOT}/Pods/Target Support Files/Pods-Society2/Pods-Society2-resources.sh\"\n";
			showEnvVarsInLog = 0;
		};
		F142DF769CE999A2429F6B2B /* 📦 Embed Pods Frameworks */ = {
			isa = PBXShellScriptBuildPhase;
			buildActionMask = 2147483647;
			files = (
			);
			inputPaths = (
			);
			name = "📦 Embed Pods Frameworks";
			outputPaths = (
			);
			runOnlyForDeploymentPostprocessing = 0;
			shellPath = /bin/sh;
			shellScript = "\"${SRCROOT}/Pods/Target Support Files/Pods-Society2/Pods-Society2-frameworks.sh\"\n";
			showEnvVarsInLog = 0;
		};
/* End PBXShellScriptBuildPhase section */

/* Begin PBXSourcesBuildPhase section */
		4EC2E1701D7B9F5B00C463AF /* Sources */ = {
			isa = PBXSourcesBuildPhase;
			buildActionMask = 2147483647;
			files = (
				4EC2E1A01D7BA2F700C463AF /* Constants.swift in Sources */,
				4E4D62771D80E60D008BE051 /* Post.swift in Sources */,
				4EC2E1801D7B9F5B00C463AF /* Society2.xcdatamodeld in Sources */,
				4EC2E1A41D7BA75E00C463AF /* MaterialButton.swift in Sources */,
				4EC2E17A1D7B9F5B00C463AF /* ViewController.swift in Sources */,
				4EC2E1781D7B9F5B00C463AF /* AppDelegate.swift in Sources */,
				4EC2E19E1D7BA24500C463AF /* MaterialView.swift in Sources */,
				4EC2E1A61D7BA91F00C463AF /* MaterialTextField.swift in Sources */,
				4E3E91B91D7C7E1F0006AA9B /* DataService.swift in Sources */,
				4EB89CEF1D7CD79E00BE71DD /* NewsVC.swift in Sources */,
				4EB89CF11D7CD93300BE71DD /* PostCell.swift in Sources */,
			);
			runOnlyForDeploymentPostprocessing = 0;
		};
/* End PBXSourcesBuildPhase section */

/* Begin PBXVariantGroup section */
		4EC2E17B1D7B9F5B00C463AF /* Main.storyboard */ = {
			isa = PBXVariantGroup;
			children = (
				4EC2E17C1D7B9F5B00C463AF /* Base */,
			);
			name = Main.storyboard;
			sourceTree = "<group>";
		};
		4EC2E1831D7B9F5B00C463AF /* LaunchScreen.storyboard */ = {
			isa = PBXVariantGroup;
			children = (
				4EC2E1841D7B9F5B00C463AF /* Base */,
			);
			name = LaunchScreen.storyboard;
			sourceTree = "<group>";
		};
/* End PBXVariantGroup section */

/* Begin XCBuildConfiguration section */
		4EC2E1871D7B9F5B00C463AF /* Debug */ = {
			isa = XCBuildConfiguration;
			buildSettings = {
				ALWAYS_SEARCH_USER_PATHS = NO;
				CLANG_ANALYZER_NONNULL = YES;
				CLANG_CXX_LANGUAGE_STANDARD = "gnu++0x";
				CLANG_CXX_LIBRARY = "libc++";
				CLANG_ENABLE_MODULES = YES;
				CLANG_ENABLE_OBJC_ARC = YES;
				CLANG_WARN_BOOL_CONVERSION = YES;
				CLANG_WARN_CONSTANT_CONVERSION = YES;
				CLANG_WARN_DIRECT_OBJC_ISA_USAGE = YES_ERROR;
				CLANG_WARN_EMPTY_BODY = YES;
				CLANG_WARN_ENUM_CONVERSION = YES;
				CLANG_WARN_INT_CONVERSION = YES;
				CLANG_WARN_OBJC_ROOT_CLASS = YES_ERROR;
				CLANG_WARN_UNREACHABLE_CODE = YES;
				CLANG_WARN__DUPLICATE_METHOD_MATCH = YES;
				"CODE_SIGN_IDENTITY[sdk=iphoneos*]" = "iPhone Developer";
				COPY_PHASE_STRIP = NO;
				DEBUG_INFORMATION_FORMAT = dwarf;
				ENABLE_STRICT_OBJC_MSGSEND = YES;
				ENABLE_TESTABILITY = YES;
				GCC_C_LANGUAGE_STANDARD = gnu99;
				GCC_DYNAMIC_NO_PIC = NO;
				GCC_NO_COMMON_BLOCKS = YES;
				GCC_OPTIMIZATION_LEVEL = 0;
				GCC_PREPROCESSOR_DEFINITIONS = (
					"DEBUG=1",
					"$(inherited)",
				);
				GCC_WARN_64_TO_32_BIT_CONVERSION = YES;
				GCC_WARN_ABOUT_RETURN_TYPE = YES_ERROR;
				GCC_WARN_UNDECLARED_SELECTOR = YES;
				GCC_WARN_UNINITIALIZED_AUTOS = YES_AGGRESSIVE;
				GCC_WARN_UNUSED_FUNCTION = YES;
				GCC_WARN_UNUSED_VARIABLE = YES;
				IPHONEOS_DEPLOYMENT_TARGET = 9.3;
				MTL_ENABLE_DEBUG_INFO = YES;
				ONLY_ACTIVE_ARCH = YES;
				SDKROOT = iphoneos;
				SWIFT_OPTIMIZATION_LEVEL = "-Onone";
				TARGETED_DEVICE_FAMILY = "1,2";
			};
			name = Debug;
		};
		4EC2E1881D7B9F5B00C463AF /* Release */ = {
			isa = XCBuildConfiguration;
			buildSettings = {
				ALWAYS_SEARCH_USER_PATHS = NO;
				CLANG_ANALYZER_NONNULL = YES;
				CLANG_CXX_LANGUAGE_STANDARD = "gnu++0x";
				CLANG_CXX_LIBRARY = "libc++";
				CLANG_ENABLE_MODULES = YES;
				CLANG_ENABLE_OBJC_ARC = YES;
				CLANG_WARN_BOOL_CONVERSION = YES;
				CLANG_WARN_CONSTANT_CONVERSION = YES;
				CLANG_WARN_DIRECT_OBJC_ISA_USAGE = YES_ERROR;
				CLANG_WARN_EMPTY_BODY = YES;
				CLANG_WARN_ENUM_CONVERSION = YES;
				CLANG_WARN_INT_CONVERSION = YES;
				CLANG_WARN_OBJC_ROOT_CLASS = YES_ERROR;
				CLANG_WARN_UNREACHABLE_CODE = YES;
				CLANG_WARN__DUPLICATE_METHOD_MATCH = YES;
				"CODE_SIGN_IDENTITY[sdk=iphoneos*]" = "iPhone Developer";
				COPY_PHASE_STRIP = NO;
				DEBUG_INFORMATION_FORMAT = "dwarf-with-dsym";
				ENABLE_NS_ASSERTIONS = NO;
				ENABLE_STRICT_OBJC_MSGSEND = YES;
				GCC_C_LANGUAGE_STANDARD = gnu99;
				GCC_NO_COMMON_BLOCKS = YES;
				GCC_WARN_64_TO_32_BIT_CONVERSION = YES;
				GCC_WARN_ABOUT_RETURN_TYPE = YES_ERROR;
				GCC_WARN_UNDECLARED_SELECTOR = YES;
				GCC_WARN_UNINITIALIZED_AUTOS = YES_AGGRESSIVE;
				GCC_WARN_UNUSED_FUNCTION = YES;
				GCC_WARN_UNUSED_VARIABLE = YES;
				IPHONEOS_DEPLOYMENT_TARGET = 9.3;
				MTL_ENABLE_DEBUG_INFO = NO;
				SDKROOT = iphoneos;
				TARGETED_DEVICE_FAMILY = "1,2";
				VALIDATE_PRODUCT = YES;
			};
			name = Release;
		};
		4EC2E18A1D7B9F5B00C463AF /* Debug */ = {
			isa = XCBuildConfiguration;
			baseConfigurationReference = 3B1210B763638E603B11C158 /* Pods-Society2.debug.xcconfig */;
			buildSettings = {
				ASSETCATALOG_COMPILER_APPICON_NAME = AppIcon;
				FRAMEWORK_SEARCH_PATHS = (
					"$(inherited)",
					"$(PROJECT_DIR)/Society2",
				);
				INFOPLIST_FILE = Society2/Info.plist;
				LD_RUNPATH_SEARCH_PATHS = "$(inherited) @executable_path/Frameworks";
				PRODUCT_BUNDLE_IDENTIFIER = MrAtuan.Society2;
				PRODUCT_NAME = "$(TARGET_NAME)";
			};
			name = Debug;
		};
		4EC2E18B1D7B9F5B00C463AF /* Release */ = {
			isa = XCBuildConfiguration;
			baseConfigurationReference = 5C46D64F6491FAFF3EA6278C /* Pods-Society2.release.xcconfig */;
			buildSettings = {
				ASSETCATALOG_COMPILER_APPICON_NAME = AppIcon;
				FRAMEWORK_SEARCH_PATHS = (
					"$(inherited)",
					"$(PROJECT_DIR)/Society2",
				);
				INFOPLIST_FILE = Society2/Info.plist;
				LD_RUNPATH_SEARCH_PATHS = "$(inherited) @executable_path/Frameworks";
				PRODUCT_BUNDLE_IDENTIFIER = MrAtuan.Society2;
				PRODUCT_NAME = "$(TARGET_NAME)";
			};
			name = Release;
		};
/* End XCBuildConfiguration section */

/* Begin XCConfigurationList section */
		4EC2E16F1D7B9F5B00C463AF /* Build configuration list for PBXProject "Society2" */ = {
			isa = XCConfigurationList;
			buildConfigurations = (
				4EC2E1871D7B9F5B00C463AF /* Debug */,
				4EC2E1881D7B9F5B00C463AF /* Release */,
			);
			defaultConfigurationIsVisible = 0;
			defaultConfigurationName = Release;
		};
		4EC2E1891D7B9F5B00C463AF /* Build configuration list for PBXNativeTarget "Society2" */ = {
			isa = XCConfigurationList;
			buildConfigurations = (
				4EC2E18A1D7B9F5B00C463AF /* Debug */,
				4EC2E18B1D7B9F5B00C463AF /* Release */,
			);
			defaultConfigurationIsVisible = 0;
			defaultConfigurationName = Release;
		};
/* End XCConfigurationList section */

/* Begin XCVersionGroup section */
		4EC2E17E1D7B9F5B00C463AF /* Society2.xcdatamodeld */ = {
			isa = XCVersionGroup;
			children = (
				4EC2E17F1D7B9F5B00C463AF /* Society2.xcdatamodel */,
			);
			currentVersion = 4EC2E17F1D7B9F5B00C463AF /* Society2.xcdatamodel */;
			path = Society2.xcdatamodeld;
			sourceTree = "<group>";
			versionGroupType = wrapper.xcdatamodel;
		};
/* End XCVersionGroup section */
	};
	rootObject = 4EC2E16C1D7B9F5B00C463AF /* Project object */;
}
